// !$*UTF8*$!
{
	archiveVersion = 1;
	classes = {
	};
	objectVersion = 46;
	objects = {

/* Begin PBXAggregateTarget section */
		C96AAAB57AF9ABC0DCD38DFB /* Audio Plug-in Synth - All */ = {
			isa = PBXAggregateTarget;
			buildConfigurationList = 36506873045E73163C769365 /* Build configuration list for PBXAggregateTarget "Audio Plug-in Synth - All" */;
			buildPhases = (
			);
			dependencies = (
				F6B8BB76D081A1D62B3F9F10 /* PBXTargetDependency */,
				E492BBC8B672F224C2DA4F44 /* PBXTargetDependency */,
				C60D97B26D9011D9B88AEE45 /* PBXTargetDependency */,
				54F7873B9219F43611A95B66 /* PBXTargetDependency */,
			);
			name = "Audio Plug-in Synth - All";
			productName = "Audio Plug-in Synth";
		};
/* End PBXAggregateTarget section */

/* Begin PBXBuildFile section */
		01E5A3721E9C1EE264119A35 /* Accelerate.framework in Frameworks */ = {isa = PBXBuildFile; fileRef = 17846B2E568F8FF4D5F3348D /* Accelerate.framework */; };
		02C8D7819D0A545890F6B560 /* include_juce_opengl.mm in Sources */ = {isa = PBXBuildFile; fileRef = D7B481E998AECFA6A1E9BA10 /* include_juce_opengl.mm */; };
		045D75897911E3AEBC5DD7FB /* Cocoa.framework in Frameworks */ = {isa = PBXBuildFile; fileRef = D5FA77EB312DD4D1F0901567 /* Cocoa.framework */; };
		080BA5E990473A306B5C6D20 /* include_juce_audio_plugin_client_VST_utils.mm in Sources */ = {isa = PBXBuildFile; fileRef = DD8A22FFDA5F38CC543E3A34 /* include_juce_audio_plugin_client_VST_utils.mm */; };
		0B60AA6299E4DD7579E96B6F /* main.cpp in Sources */ = {isa = PBXBuildFile; fileRef = 3E5986939A18E6DDFC00FFDB /* main.cpp */; };
		112CF868C26C45051AB82A37 /* RecentFilesMenuTemplate.nib in Resources */ = {isa = PBXBuildFile; fileRef = A3981C1711ADC756521FC2C8 /* RecentFilesMenuTemplate.nib */; };
		14425C6093447E85B4E7F5C5 /* include_juce_gui_basics.mm in Sources */ = {isa = PBXBuildFile; fileRef = 915DDAA2F5CBBA08892280DF /* include_juce_gui_basics.mm */; };
		16BBA64F059CF3B7E900A01C /* include_juce_audio_plugin_client_Standalone.cpp in Sources */ = {isa = PBXBuildFile; fileRef = 9BF722613940BFA1AE517622 /* include_juce_audio_plugin_client_Standalone.cpp */; };
		1FCD365B60284701658F7C41 /* include_juce_audio_basics.mm in Sources */ = {isa = PBXBuildFile; fileRef = 3FC638649F5AFFF3809ABBEC /* include_juce_audio_basics.mm */; };
		1FF2ABC3F93553FBC4156ED9 /* maximilian.cpp in Sources */ = {isa = PBXBuildFile; fileRef = ADA6590C907D1AA06FAC5AB6 /* maximilian.cpp */; };
		2617FCB820A045053172A796 /* QuartzCore.framework in Frameworks */ = {isa = PBXBuildFile; fileRef = 33616ADCC8CD50AA417B35B8 /* QuartzCore.framework */; };
		2748DE7903E1512A223DC615 /* include_juce_audio_utils.mm in Sources */ = {isa = PBXBuildFile; fileRef = CB558EDE57BC7DB3C8696957 /* include_juce_audio_utils.mm */; };
		319F63DE7BD74409565D220F /* DiscRecording.framework in Frameworks */ = {isa = PBXBuildFile; fileRef = 1212C91371BF6286CEF08278 /* DiscRecording.framework */; };
		33DA9C4B9F022D839C7A275A /* include_juce_audio_formats.mm in Sources */ = {isa = PBXBuildFile; fileRef = 13B86FE786D576B3B1B81392 /* include_juce_audio_formats.mm */; };
		35261453D0A28922E942FE3D /* include_juce_core.mm in Sources */ = {isa = PBXBuildFile; fileRef = 4586081C233FBFCD7F9A863E /* include_juce_core.mm */; };
		38F0F6B5A0088E335F0D2A87 /* AudioUnit.framework in Frameworks */ = {isa = PBXBuildFile; fileRef = 30E9C7D233EDBCF2C8E46BF5 /* AudioUnit.framework */; };
		40F422ADA6D3F10922E31A27 /* stb_vorbis.c in Sources */ = {isa = PBXBuildFile; fileRef = 2A6AD71B8B2BBF901B390573 /* stb_vorbis.c */; };
		428E8AF956CDE8E345559124 /* include_juce_audio_processors.mm in Sources */ = {isa = PBXBuildFile; fileRef = 6B2E2CBF1CD08BFA33078F24 /* include_juce_audio_processors.mm */; };
		4F64E8BBABCD84657FC3FA4A /* include_juce_audio_plugin_client_utils.cpp in Sources */ = {isa = PBXBuildFile; fileRef = 744A0053F26B257D88E171B7 /* include_juce_audio_plugin_client_utils.cpp */; };
		50F1CA6F38DDC35B93052E37 /* include_juce_gui_extra.mm in Sources */ = {isa = PBXBuildFile; fileRef = C88C6FDCFDC9943C77BDF3C5 /* include_juce_gui_extra.mm */; };
		5569DAC45F6CD8F93F0C877C /* CoreMIDI.framework in Frameworks */ = {isa = PBXBuildFile; fileRef = 5B592C9834A964FCA7B5F9BA /* CoreMIDI.framework */; };
		5869986B9A4490F54632647E /* include_juce_audio_plugin_client_AU.r in Rez */ = {isa = PBXBuildFile; fileRef = A9B17679F4D7D33618F51FE9 /* include_juce_audio_plugin_client_AU.r */; };
		5ACC8989DC3240EA71960892 /* OpenGL.framework in Frameworks */ = {isa = PBXBuildFile; fileRef = 968CDB77EE64DA43C969CE3A /* OpenGL.framework */; };
		5F8215101B8C0EFB568E3F60 /* maxiFFT.cpp in Sources */ = {isa = PBXBuildFile; fileRef = 519680A54DAD537ED5E98103 /* maxiFFT.cpp */; };
		5FD9A6C308390B1F7B03FE56 /* include_juce_events.mm in Sources */ = {isa = PBXBuildFile; fileRef = A3DDE796F93FF4A6E3249B17 /* include_juce_events.mm */; };
		640AFD6EE0E8DCD06E4120E2 /* maxiBark.cpp in Sources */ = {isa = PBXBuildFile; fileRef = 3ECC07D114D742BEECB64CB1 /* maxiBark.cpp */; };
		6487A74F532768C75D81174B /* IOKit.framework in Frameworks */ = {isa = PBXBuildFile; fileRef = 6775078FA0FAF0AE1AABA4B6 /* IOKit.framework */; };
		739D7A4FF8F120A741A6C396 /* CoreAudioKit.framework in Frameworks */ = {isa = PBXBuildFile; fileRef = 19359150EEFDD3BA460B7DF9 /* CoreAudioKit.framework */; };
		7A0513DDDB54DD0FBFDE2C43 /* PluginProcessor.cpp in Sources */ = {isa = PBXBuildFile; fileRef = 85A8E5B8C77FC6FB3204F1F5 /* PluginProcessor.cpp */; };
		7CAB0524A5258072AE389030 /* maxiMFCC.cpp in Sources */ = {isa = PBXBuildFile; fileRef = E41CA1E1891452B32102B38B /* maxiMFCC.cpp */; };
		82DD69C21110852963014526 /* include_juce_audio_plugin_client_AU_1.mm in Sources */ = {isa = PBXBuildFile; fileRef = 394D269176D3BB7C7000C61C /* include_juce_audio_plugin_client_AU_1.mm */; };
		89071C212481AAD400AB3E31 /* SynthParameters.cpp in Sources */ = {isa = PBXBuildFile; fileRef = 89071C202481AAD400AB3E31 /* SynthParameters.cpp */; };
		8966A3562480312F003832CE /* RecentFilesMenuTemplate.nib in Resources */ = {isa = PBXBuildFile; fileRef = A3981C1711ADC756521FC2C8 /* RecentFilesMenuTemplate.nib */; };
		8966A3572480312F003832CE /* Accelerate.framework in Frameworks */ = {isa = PBXBuildFile; fileRef = 17846B2E568F8FF4D5F3348D /* Accelerate.framework */; };
		8966A3582480312F003832CE /* AudioToolbox.framework in Frameworks */ = {isa = PBXBuildFile; fileRef = 033D08898B3FA0180DCEE57B /* AudioToolbox.framework */; };
		8966A3592480312F003832CE /* Carbon.framework in Frameworks */ = {isa = PBXBuildFile; fileRef = 2D9E2FC9D9AFE36E4ECE7B18 /* Carbon.framework */; };
		8966A35A2480312F003832CE /* Cocoa.framework in Frameworks */ = {isa = PBXBuildFile; fileRef = D5FA77EB312DD4D1F0901567 /* Cocoa.framework */; };
		8966A35B2480312F003832CE /* CoreAudio.framework in Frameworks */ = {isa = PBXBuildFile; fileRef = 5AF355535FF7095B5E26F5DC /* CoreAudio.framework */; };
		8966A35C2480312F003832CE /* CoreAudioKit.framework in Frameworks */ = {isa = PBXBuildFile; fileRef = 19359150EEFDD3BA460B7DF9 /* CoreAudioKit.framework */; };
		8966A35D2480312F003832CE /* CoreMIDI.framework in Frameworks */ = {isa = PBXBuildFile; fileRef = 5B592C9834A964FCA7B5F9BA /* CoreMIDI.framework */; };
		8966A35E2480312F003832CE /* DiscRecording.framework in Frameworks */ = {isa = PBXBuildFile; fileRef = 1212C91371BF6286CEF08278 /* DiscRecording.framework */; };
		8966A35F2480312F003832CE /* IOKit.framework in Frameworks */ = {isa = PBXBuildFile; fileRef = 6775078FA0FAF0AE1AABA4B6 /* IOKit.framework */; };
		8966A3602480312F003832CE /* OpenGL.framework in Frameworks */ = {isa = PBXBuildFile; fileRef = 968CDB77EE64DA43C969CE3A /* OpenGL.framework */; };
		8966A3612480312F003832CE /* QuartzCore.framework in Frameworks */ = {isa = PBXBuildFile; fileRef = 33616ADCC8CD50AA417B35B8 /* QuartzCore.framework */; };
		8966A3622480312F003832CE /* WebKit.framework in Frameworks */ = {isa = PBXBuildFile; fileRef = 653DCCDBC5996F5911C2A11F /* WebKit.framework */; };
		8966A3632480312F003832CE /* RecentFilesMenuTemplate.nib in Resources */ = {isa = PBXBuildFile; fileRef = A3981C1711ADC756521FC2C8 /* RecentFilesMenuTemplate.nib */; };
		8966A3642480312F003832CE /* Accelerate.framework in Frameworks */ = {isa = PBXBuildFile; fileRef = 17846B2E568F8FF4D5F3348D /* Accelerate.framework */; };
		8966A3652480312F003832CE /* AudioToolbox.framework in Frameworks */ = {isa = PBXBuildFile; fileRef = 033D08898B3FA0180DCEE57B /* AudioToolbox.framework */; };
		8966A3662480312F003832CE /* Carbon.framework in Frameworks */ = {isa = PBXBuildFile; fileRef = 2D9E2FC9D9AFE36E4ECE7B18 /* Carbon.framework */; };
		8966A3672480312F003832CE /* Cocoa.framework in Frameworks */ = {isa = PBXBuildFile; fileRef = D5FA77EB312DD4D1F0901567 /* Cocoa.framework */; };
		8966A3682480312F003832CE /* CoreAudio.framework in Frameworks */ = {isa = PBXBuildFile; fileRef = 5AF355535FF7095B5E26F5DC /* CoreAudio.framework */; };
		8966A3692480312F003832CE /* CoreAudioKit.framework in Frameworks */ = {isa = PBXBuildFile; fileRef = 19359150EEFDD3BA460B7DF9 /* CoreAudioKit.framework */; };
		8966A36A2480312F003832CE /* CoreMIDI.framework in Frameworks */ = {isa = PBXBuildFile; fileRef = 5B592C9834A964FCA7B5F9BA /* CoreMIDI.framework */; };
		8966A36B2480312F003832CE /* DiscRecording.framework in Frameworks */ = {isa = PBXBuildFile; fileRef = 1212C91371BF6286CEF08278 /* DiscRecording.framework */; };
		8966A36C2480312F003832CE /* IOKit.framework in Frameworks */ = {isa = PBXBuildFile; fileRef = 6775078FA0FAF0AE1AABA4B6 /* IOKit.framework */; };
		8966A36D2480312F003832CE /* OpenGL.framework in Frameworks */ = {isa = PBXBuildFile; fileRef = 968CDB77EE64DA43C969CE3A /* OpenGL.framework */; };
		8966A36E2480312F003832CE /* QuartzCore.framework in Frameworks */ = {isa = PBXBuildFile; fileRef = 33616ADCC8CD50AA417B35B8 /* QuartzCore.framework */; };
		8966A36F2480312F003832CE /* WebKit.framework in Frameworks */ = {isa = PBXBuildFile; fileRef = 653DCCDBC5996F5911C2A11F /* WebKit.framework */; };
		8AF9F4F662DB2BE93714E331 /* include_juce_audio_devices.mm in Sources */ = {isa = PBXBuildFile; fileRef = 94DF9B4F4CD690DCC4D97EF6 /* include_juce_audio_devices.mm */; };
		97BDB9CFFC07A66984D8EE23 /* include_juce_audio_plugin_client_AU_2.mm in Sources */ = {isa = PBXBuildFile; fileRef = 8F20152C68B581559CD03872 /* include_juce_audio_plugin_client_AU_2.mm */; };
		A42CAEC393E8BC7C138DB848 /* PluginEditor.cpp in Sources */ = {isa = PBXBuildFile; fileRef = 22317E220EFC61C9C6BB37EA /* PluginEditor.cpp */; };
		B2C885B53351EB755C098C21 /* Carbon.framework in Frameworks */ = {isa = PBXBuildFile; fileRef = 2D9E2FC9D9AFE36E4ECE7B18 /* Carbon.framework */; };
		B9AF6A7E2DB37911EC331982 /* include_juce_cryptography.mm in Sources */ = {isa = PBXBuildFile; fileRef = 442580957D431FFFA27F90B4 /* include_juce_cryptography.mm */; };
		CBEEF9AB1BA601160FED4FCB /* include_juce_audio_plugin_client_VST3.cpp in Sources */ = {isa = PBXBuildFile; fileRef = 88840F39B5BFD43630D344F9 /* include_juce_audio_plugin_client_VST3.cpp */; };
		CEB9B2B7CD292AF007FCF672 /* maxiGrains.cpp in Sources */ = {isa = PBXBuildFile; fileRef = EF308D3774CE815B49C9FAD9 /* maxiGrains.cpp */; };
		CF5EA49E9C44A88B711BFF32 /* WebKit.framework in Frameworks */ = {isa = PBXBuildFile; fileRef = 653DCCDBC5996F5911C2A11F /* WebKit.framework */; };
		D3B1E512438D542F9BC5BBC2 /* fft.cpp in Sources */ = {isa = PBXBuildFile; fileRef = 1D0DCDE60E0A5BFC9F826CF3 /* fft.cpp */; };
		DFCF22AB7BFB1B3843239148 /* CoreAudio.framework in Frameworks */ = {isa = PBXBuildFile; fileRef = 5AF355535FF7095B5E26F5DC /* CoreAudio.framework */; };
		E2E72D53B99A54DA2E9A256A /* filters.cpp in Sources */ = {isa = PBXBuildFile; fileRef = 8ACECF8D148700146D95DDF8 /* filters.cpp */; };
		F494879ACAD41643D4452FB5 /* include_juce_graphics.mm in Sources */ = {isa = PBXBuildFile; fileRef = 8828EF648B1CC3F341DB9C4B /* include_juce_graphics.mm */; };
		F8576AAD46335ED0AFBD6FFD /* maxiAtoms.cpp in Sources */ = {isa = PBXBuildFile; fileRef = 18C022275C8E7B15BC779468 /* maxiAtoms.cpp */; };
		FB2557D762134DE0B8F4961D /* include_juce_data_structures.mm in Sources */ = {isa = PBXBuildFile; fileRef = 0DD66618418DAABA0599DE98 /* include_juce_data_structures.mm */; };
		FF5AE74501B59F8E9ECDB040 /* AudioToolbox.framework in Frameworks */ = {isa = PBXBuildFile; fileRef = 033D08898B3FA0180DCEE57B /* AudioToolbox.framework */; };
/* End PBXBuildFile section */

/* Begin PBXContainerItemProxy section */
		8966A37024803134003832CE /* PBXContainerItemProxy */ = {
			isa = PBXContainerItemProxy;
			containerPortal = 8806CC8E3D5578D1900E0E5C /* Project object */;
			proxyType = 1;
			remoteGlobalIDString = 0CD61EEB44FD50FC974A1DCE;
			remoteInfo = "Audio Plug-in Synth - VST3";
		};
		8966A37124803134003832CE /* PBXContainerItemProxy */ = {
			isa = PBXContainerItemProxy;
			containerPortal = 8806CC8E3D5578D1900E0E5C /* Project object */;
			proxyType = 1;
			remoteGlobalIDString = 68BF9455E290D15B756EEDF4;
			remoteInfo = "Audio Plug-in Synth - AU";
		};
		8966A37224803134003832CE /* PBXContainerItemProxy */ = {
			isa = PBXContainerItemProxy;
			containerPortal = 8806CC8E3D5578D1900E0E5C /* Project object */;
			proxyType = 1;
			remoteGlobalIDString = 158F441322E2A2CF5C3FE07C;
			remoteInfo = "Audio Plug-in Synth - Standalone Plugin";
		};
		8966A37324803134003832CE /* PBXContainerItemProxy */ = {
			isa = PBXContainerItemProxy;
			containerPortal = 8806CC8E3D5578D1900E0E5C /* Project object */;
			proxyType = 1;
			remoteGlobalIDString = 0499AC3C1E119D33EF2EC3D3;
			remoteInfo = "Audio Plug-in Synth - Shared Code";
		};
/* End PBXContainerItemProxy section */

/* Begin PBXFileReference section */
		033D08898B3FA0180DCEE57B /* AudioToolbox.framework */ = {isa = PBXFileReference; lastKnownFileType = wrapper.framework; name = AudioToolbox.framework; path = System/Library/Frameworks/AudioToolbox.framework; sourceTree = SDKROOT; };
		04279D73F285881601A3C3A2 /* juce_audio_basics */ = {isa = PBXFileReference; lastKnownFileType = text; name = juce_audio_basics; path = "~/JUCE/modules/juce_audio_basics"; sourceTree = "<absolute>"; };
		09F77266E8705395EFB3DC80 /* maxiMFCC.h */ = {isa = PBXFileReference; lastKnownFileType = sourcecode.c.h; name = maxiMFCC.h; path = "../../../Maximilian libs/libs/maxiMFCC.h"; sourceTree = SOURCE_ROOT; };
		0DD66618418DAABA0599DE98 /* include_juce_data_structures.mm */ = {isa = PBXFileReference; lastKnownFileType = sourcecode.cpp.objcpp; name = include_juce_data_structures.mm; path = ../../JuceLibraryCode/include_juce_data_structures.mm; sourceTree = SOURCE_ROOT; };
		1212C91371BF6286CEF08278 /* DiscRecording.framework */ = {isa = PBXFileReference; lastKnownFileType = wrapper.framework; name = DiscRecording.framework; path = System/Library/Frameworks/DiscRecording.framework; sourceTree = SDKROOT; };
		13B86FE786D576B3B1B81392 /* include_juce_audio_formats.mm */ = {isa = PBXFileReference; lastKnownFileType = sourcecode.cpp.objcpp; name = include_juce_audio_formats.mm; path = ../../JuceLibraryCode/include_juce_audio_formats.mm; sourceTree = SOURCE_ROOT; };
		14C86DEDACE53B47B6CCC2BA /* stb_vorbis.h */ = {isa = PBXFileReference; lastKnownFileType = sourcecode.c.h; name = stb_vorbis.h; path = "../../../Maximilian libs/stb_vorbis.h"; sourceTree = SOURCE_ROOT; };
		17846B2E568F8FF4D5F3348D /* Accelerate.framework */ = {isa = PBXFileReference; lastKnownFileType = wrapper.framework; name = Accelerate.framework; path = System/Library/Frameworks/Accelerate.framework; sourceTree = SDKROOT; };
		18C022275C8E7B15BC779468 /* maxiAtoms.cpp */ = {isa = PBXFileReference; lastKnownFileType = sourcecode.cpp.cpp; name = maxiAtoms.cpp; path = "../../../Maximilian libs/libs/maxiAtoms.cpp"; sourceTree = SOURCE_ROOT; };
		18C420851917D4339CA27965 /* SynthVoice.h */ = {isa = PBXFileReference; lastKnownFileType = sourcecode.c.h; name = SynthVoice.h; path = ../../Source/SynthVoice.h; sourceTree = SOURCE_ROOT; };
		19359150EEFDD3BA460B7DF9 /* CoreAudioKit.framework */ = {isa = PBXFileReference; lastKnownFileType = wrapper.framework; name = CoreAudioKit.framework; path = System/Library/Frameworks/CoreAudioKit.framework; sourceTree = SDKROOT; };
		1CA04A78A2AEE99D31119EC3 /* sineTable.h */ = {isa = PBXFileReference; lastKnownFileType = sourcecode.c.h; name = sineTable.h; path = "../../../Maximilian libs/libs/sineTable.h"; sourceTree = SOURCE_ROOT; };
		1D0DCDE60E0A5BFC9F826CF3 /* fft.cpp */ = {isa = PBXFileReference; lastKnownFileType = sourcecode.cpp.cpp; name = fft.cpp; path = "../../../Maximilian libs/libs/fft.cpp"; sourceTree = SOURCE_ROOT; };
		1FA4A7E6C716D090AAB6EDCE /* libAudio Plug-in Synth.a */ = {isa = PBXFileReference; explicitFileType = archive.ar; includeInIndex = 0; path = "libAudio Plug-in Synth.a"; sourceTree = BUILT_PRODUCTS_DIR; };
		22317E220EFC61C9C6BB37EA /* PluginEditor.cpp */ = {isa = PBXFileReference; lastKnownFileType = sourcecode.cpp.cpp; name = PluginEditor.cpp; path = ../../Source/PluginEditor.cpp; sourceTree = SOURCE_ROOT; };
		282BB08B9A26580230F36E33 /* fft.h */ = {isa = PBXFileReference; lastKnownFileType = sourcecode.c.h; name = fft.h; path = "../../../Maximilian libs/libs/fft.h"; sourceTree = SOURCE_ROOT; };
		2A6AD71B8B2BBF901B390573 /* stb_vorbis.c */ = {isa = PBXFileReference; lastKnownFileType = sourcecode.c.c; name = stb_vorbis.c; path = "../../../Maximilian libs/stb_vorbis.c"; sourceTree = SOURCE_ROOT; };
		2C1548877E375344AD525F65 /* juce_audio_devices */ = {isa = PBXFileReference; lastKnownFileType = text; name = juce_audio_devices; path = "~/JUCE/modules/juce_audio_devices"; sourceTree = "<absolute>"; };
		2D9E2FC9D9AFE36E4ECE7B18 /* Carbon.framework */ = {isa = PBXFileReference; lastKnownFileType = wrapper.framework; name = Carbon.framework; path = System/Library/Frameworks/Carbon.framework; sourceTree = SDKROOT; };
		30E9C7D233EDBCF2C8E46BF5 /* AudioUnit.framework */ = {isa = PBXFileReference; lastKnownFileType = wrapper.framework; name = AudioUnit.framework; path = System/Library/Frameworks/AudioUnit.framework; sourceTree = SDKROOT; };
		33616ADCC8CD50AA417B35B8 /* QuartzCore.framework */ = {isa = PBXFileReference; lastKnownFileType = wrapper.framework; name = QuartzCore.framework; path = System/Library/Frameworks/QuartzCore.framework; sourceTree = SDKROOT; };
		394D269176D3BB7C7000C61C /* include_juce_audio_plugin_client_AU_1.mm */ = {isa = PBXFileReference; lastKnownFileType = sourcecode.cpp.objcpp; name = include_juce_audio_plugin_client_AU_1.mm; path = ../../JuceLibraryCode/include_juce_audio_plugin_client_AU_1.mm; sourceTree = SOURCE_ROOT; };
		3DC49638D92CB6468EF23064 /* juce_graphics */ = {isa = PBXFileReference; lastKnownFileType = text; name = juce_graphics; path = "~/JUCE/modules/juce_graphics"; sourceTree = "<absolute>"; };
		3E5986939A18E6DDFC00FFDB /* main.cpp */ = {isa = PBXFileReference; lastKnownFileType = sourcecode.cpp.cpp; name = main.cpp; path = "../../../Maximilian libs/main.cpp"; sourceTree = SOURCE_ROOT; };
		3ECC07D114D742BEECB64CB1 /* maxiBark.cpp */ = {isa = PBXFileReference; lastKnownFileType = sourcecode.cpp.cpp; name = maxiBark.cpp; path = "../../../Maximilian libs/libs/maxiBark.cpp"; sourceTree = SOURCE_ROOT; };
		3FC638649F5AFFF3809ABBEC /* include_juce_audio_basics.mm */ = {isa = PBXFileReference; lastKnownFileType = sourcecode.cpp.objcpp; name = include_juce_audio_basics.mm; path = ../../JuceLibraryCode/include_juce_audio_basics.mm; sourceTree = SOURCE_ROOT; };
		442580957D431FFFA27F90B4 /* include_juce_cryptography.mm */ = {isa = PBXFileReference; lastKnownFileType = sourcecode.cpp.objcpp; name = include_juce_cryptography.mm; path = ../../JuceLibraryCode/include_juce_cryptography.mm; sourceTree = SOURCE_ROOT; };
		4586081C233FBFCD7F9A863E /* include_juce_core.mm */ = {isa = PBXFileReference; lastKnownFileType = sourcecode.cpp.objcpp; name = include_juce_core.mm; path = ../../JuceLibraryCode/include_juce_core.mm; sourceTree = SOURCE_ROOT; };
		519680A54DAD537ED5E98103 /* maxiFFT.cpp */ = {isa = PBXFileReference; lastKnownFileType = sourcecode.cpp.cpp; name = maxiFFT.cpp; path = "../../../Maximilian libs/libs/maxiFFT.cpp"; sourceTree = SOURCE_ROOT; };
		568816CF0D66C5011E675B66 /* Info-VST3.plist */ = {isa = PBXFileReference; lastKnownFileType = text.plist.xml; path = "Info-VST3.plist"; sourceTree = SOURCE_ROOT; };
		5AF355535FF7095B5E26F5DC /* CoreAudio.framework */ = {isa = PBXFileReference; lastKnownFileType = wrapper.framework; name = CoreAudio.framework; path = System/Library/Frameworks/CoreAudio.framework; sourceTree = SDKROOT; };
		5B592C9834A964FCA7B5F9BA /* CoreMIDI.framework */ = {isa = PBXFileReference; lastKnownFileType = wrapper.framework; name = CoreMIDI.framework; path = System/Library/Frameworks/CoreMIDI.framework; sourceTree = SDKROOT; };
		651A8B64E29A54E5B5E16C83 /* juce_audio_utils */ = {isa = PBXFileReference; lastKnownFileType = text; name = juce_audio_utils; path = "~/JUCE/modules/juce_audio_utils"; sourceTree = "<absolute>"; };
		653DCCDBC5996F5911C2A11F /* WebKit.framework */ = {isa = PBXFileReference; lastKnownFileType = wrapper.framework; name = WebKit.framework; path = System/Library/Frameworks/WebKit.framework; sourceTree = SDKROOT; };
		6622EA32DC24AE47D3D32347 /* juce_audio_processors */ = {isa = PBXFileReference; lastKnownFileType = text; name = juce_audio_processors; path = "~/JUCE/modules/juce_audio_processors"; sourceTree = "<absolute>"; };
		6775078FA0FAF0AE1AABA4B6 /* IOKit.framework */ = {isa = PBXFileReference; lastKnownFileType = wrapper.framework; name = IOKit.framework; path = System/Library/Frameworks/IOKit.framework; sourceTree = SDKROOT; };
		6AD64A390C7201292233128C /* juce_core */ = {isa = PBXFileReference; lastKnownFileType = text; name = juce_core; path = "~/JUCE/modules/juce_core"; sourceTree = "<absolute>"; };
		6B2E2CBF1CD08BFA33078F24 /* include_juce_audio_processors.mm */ = {isa = PBXFileReference; lastKnownFileType = sourcecode.cpp.objcpp; name = include_juce_audio_processors.mm; path = ../../JuceLibraryCode/include_juce_audio_processors.mm; sourceTree = SOURCE_ROOT; };
		71483EEA10D9082A2A70ADF6 /* juce_events */ = {isa = PBXFileReference; lastKnownFileType = text; name = juce_events; path = "~/JUCE/modules/juce_events"; sourceTree = "<absolute>"; };
		73FB0C751553D26314BED15C /* maxiFFT.h */ = {isa = PBXFileReference; lastKnownFileType = sourcecode.c.h; name = maxiFFT.h; path = "../../../Maximilian libs/libs/maxiFFT.h"; sourceTree = SOURCE_ROOT; };
		744A0053F26B257D88E171B7 /* include_juce_audio_plugin_client_utils.cpp */ = {isa = PBXFileReference; lastKnownFileType = sourcecode.cpp.cpp; name = include_juce_audio_plugin_client_utils.cpp; path = ../../JuceLibraryCode/include_juce_audio_plugin_client_utils.cpp; sourceTree = SOURCE_ROOT; };
		85A8E5B8C77FC6FB3204F1F5 /* PluginProcessor.cpp */ = {isa = PBXFileReference; lastKnownFileType = sourcecode.cpp.cpp; name = PluginProcessor.cpp; path = ../../Source/PluginProcessor.cpp; sourceTree = SOURCE_ROOT; };
		8828EF648B1CC3F341DB9C4B /* include_juce_graphics.mm */ = {isa = PBXFileReference; lastKnownFileType = sourcecode.cpp.objcpp; name = include_juce_graphics.mm; path = ../../JuceLibraryCode/include_juce_graphics.mm; sourceTree = SOURCE_ROOT; };
		88840F39B5BFD43630D344F9 /* include_juce_audio_plugin_client_VST3.cpp */ = {isa = PBXFileReference; lastKnownFileType = sourcecode.cpp.cpp; name = include_juce_audio_plugin_client_VST3.cpp; path = ../../JuceLibraryCode/include_juce_audio_plugin_client_VST3.cpp; sourceTree = SOURCE_ROOT; };
		89071C202481AAD400AB3E31 /* SynthParameters.cpp */ = {isa = PBXFileReference; lastKnownFileType = sourcecode.cpp.cpp; name = SynthParameters.cpp; path = ../../Source/SynthParameters.cpp; sourceTree = "<group>"; };
		8974096D24803AD700A13808 /* SynthParameters.h */ = {isa = PBXFileReference; lastKnownFileType = sourcecode.c.h; name = SynthParameters.h; path = ../../Source/SynthParameters.h; sourceTree = "<group>"; };
		8ACECF8D148700146D95DDF8 /* filters.cpp */ = {isa = PBXFileReference; lastKnownFileType = sourcecode.cpp.cpp; name = filters.cpp; path = "../../../Maximilian libs/libs/filters.cpp"; sourceTree = SOURCE_ROOT; };
		8E8698727C052038F033956F /* Audio Plug-in Synth.app */ = {isa = PBXFileReference; explicitFileType = wrapper.application; includeInIndex = 0; path = "Audio Plug-in Synth.app"; sourceTree = BUILT_PRODUCTS_DIR; };
		8F20152C68B581559CD03872 /* include_juce_audio_plugin_client_AU_2.mm */ = {isa = PBXFileReference; lastKnownFileType = sourcecode.cpp.objcpp; name = include_juce_audio_plugin_client_AU_2.mm; path = ../../JuceLibraryCode/include_juce_audio_plugin_client_AU_2.mm; sourceTree = SOURCE_ROOT; };
		8FE821EE1B7635AB6902EC16 /* juce_cryptography */ = {isa = PBXFileReference; lastKnownFileType = text; name = juce_cryptography; path = "~/JUCE/modules/juce_cryptography"; sourceTree = "<absolute>"; };
		915DDAA2F5CBBA08892280DF /* include_juce_gui_basics.mm */ = {isa = PBXFileReference; lastKnownFileType = sourcecode.cpp.objcpp; name = include_juce_gui_basics.mm; path = ../../JuceLibraryCode/include_juce_gui_basics.mm; sourceTree = SOURCE_ROOT; };
		93A7A4AB92BBC1A197E18BE2 /* maxim.h */ = {isa = PBXFileReference; lastKnownFileType = sourcecode.c.h; name = maxim.h; path = "../../../Maximilian libs/libs/maxim.h"; sourceTree = SOURCE_ROOT; };
		94DF9B4F4CD690DCC4D97EF6 /* include_juce_audio_devices.mm */ = {isa = PBXFileReference; lastKnownFileType = sourcecode.cpp.objcpp; name = include_juce_audio_devices.mm; path = ../../JuceLibraryCode/include_juce_audio_devices.mm; sourceTree = SOURCE_ROOT; };
		968CDB77EE64DA43C969CE3A /* OpenGL.framework */ = {isa = PBXFileReference; lastKnownFileType = wrapper.framework; name = OpenGL.framework; path = System/Library/Frameworks/OpenGL.framework; sourceTree = SDKROOT; };
		97402DC10EA268C0A5DEBBA9 /* juce_opengl */ = {isa = PBXFileReference; lastKnownFileType = text; name = juce_opengl; path = "~/JUCE/modules/juce_opengl"; sourceTree = "<absolute>"; };
		9918AEF0ADEB05803E892311 /* maximilian.h */ = {isa = PBXFileReference; lastKnownFileType = sourcecode.c.h; name = maximilian.h; path = "../../../Maximilian libs/maximilian.h"; sourceTree = SOURCE_ROOT; };
		9B8169E23A9B6A4C4A1B1423 /* JuceHeader.h */ = {isa = PBXFileReference; lastKnownFileType = sourcecode.c.h; name = JuceHeader.h; path = ../../JuceLibraryCode/JuceHeader.h; sourceTree = SOURCE_ROOT; };
		9BF722613940BFA1AE517622 /* include_juce_audio_plugin_client_Standalone.cpp */ = {isa = PBXFileReference; lastKnownFileType = sourcecode.cpp.cpp; name = include_juce_audio_plugin_client_Standalone.cpp; path = ../../JuceLibraryCode/include_juce_audio_plugin_client_Standalone.cpp; sourceTree = SOURCE_ROOT; };
		9DBB2F69225DCA82A743AFF5 /* PluginEditor.h */ = {isa = PBXFileReference; lastKnownFileType = sourcecode.c.h; name = PluginEditor.h; path = ../../Source/PluginEditor.h; sourceTree = SOURCE_ROOT; };
		A132F58EFF67CA09191B0092 /* Info-AU.plist */ = {isa = PBXFileReference; lastKnownFileType = text.plist.xml; path = "Info-AU.plist"; sourceTree = SOURCE_ROOT; };
		A3981C1711ADC756521FC2C8 /* RecentFilesMenuTemplate.nib */ = {isa = PBXFileReference; lastKnownFileType = file.nib; path = RecentFilesMenuTemplate.nib; sourceTree = SOURCE_ROOT; };
		A3ADD75C09DCF972C02D886C /* juce_data_structures */ = {isa = PBXFileReference; lastKnownFileType = text; name = juce_data_structures; path = "~/JUCE/modules/juce_data_structures"; sourceTree = "<absolute>"; };
		A3DDE796F93FF4A6E3249B17 /* include_juce_events.mm */ = {isa = PBXFileReference; lastKnownFileType = sourcecode.cpp.objcpp; name = include_juce_events.mm; path = ../../JuceLibraryCode/include_juce_events.mm; sourceTree = SOURCE_ROOT; };
		A5C82B0ACA1BDF0ACE94A783 /* Audio Plug-in Synth.component */ = {isa = PBXFileReference; explicitFileType = wrapper.cfbundle; includeInIndex = 0; path = "Audio Plug-in Synth.component"; sourceTree = BUILT_PRODUCTS_DIR; };
		A8CBE6D14239228437AA6E01 /* Audio Plug-in Synth.vst3 */ = {isa = PBXFileReference; explicitFileType = wrapper.cfbundle; includeInIndex = 0; path = "Audio Plug-in Synth.vst3"; sourceTree = BUILT_PRODUCTS_DIR; };
		A9B17679F4D7D33618F51FE9 /* include_juce_audio_plugin_client_AU.r */ = {isa = PBXFileReference; lastKnownFileType = file.r; name = include_juce_audio_plugin_client_AU.r; path = ../../JuceLibraryCode/include_juce_audio_plugin_client_AU.r; sourceTree = SOURCE_ROOT; };
		ADA6590C907D1AA06FAC5AB6 /* maximilian.cpp */ = {isa = PBXFileReference; lastKnownFileType = sourcecode.cpp.cpp; name = maximilian.cpp; path = "../../../Maximilian libs/maximilian.cpp"; sourceTree = SOURCE_ROOT; };
		B740822F13D3088451DD7680 /* juce_gui_extra */ = {isa = PBXFileReference; lastKnownFileType = text; name = juce_gui_extra; path = "~/JUCE/modules/juce_gui_extra"; sourceTree = "<absolute>"; };
		BA4C49BF9B834BD60CBE92BA /* juce_audio_plugin_client */ = {isa = PBXFileReference; lastKnownFileType = text; name = juce_audio_plugin_client; path = "~/JUCE/modules/juce_audio_plugin_client"; sourceTree = "<absolute>"; };
		C0EE882EA3A97BF3AF982962 /* Info-Standalone_Plugin.plist */ = {isa = PBXFileReference; lastKnownFileType = text.plist.xml; path = "Info-Standalone_Plugin.plist"; sourceTree = SOURCE_ROOT; };
		C20F8D7C85824B27D750070A /* maxiGrains.h */ = {isa = PBXFileReference; lastKnownFileType = sourcecode.c.h; name = maxiGrains.h; path = "../../../Maximilian libs/libs/maxiGrains.h"; sourceTree = SOURCE_ROOT; };
		C88C6FDCFDC9943C77BDF3C5 /* include_juce_gui_extra.mm */ = {isa = PBXFileReference; lastKnownFileType = sourcecode.cpp.objcpp; name = include_juce_gui_extra.mm; path = ../../JuceLibraryCode/include_juce_gui_extra.mm; sourceTree = SOURCE_ROOT; };
		CB558EDE57BC7DB3C8696957 /* include_juce_audio_utils.mm */ = {isa = PBXFileReference; lastKnownFileType = sourcecode.cpp.objcpp; name = include_juce_audio_utils.mm; path = ../../JuceLibraryCode/include_juce_audio_utils.mm; sourceTree = SOURCE_ROOT; };
		D5FA77EB312DD4D1F0901567 /* Cocoa.framework */ = {isa = PBXFileReference; lastKnownFileType = wrapper.framework; name = Cocoa.framework; path = System/Library/Frameworks/Cocoa.framework; sourceTree = SDKROOT; };
		D7B481E998AECFA6A1E9BA10 /* include_juce_opengl.mm */ = {isa = PBXFileReference; lastKnownFileType = sourcecode.cpp.objcpp; name = include_juce_opengl.mm; path = ../../JuceLibraryCode/include_juce_opengl.mm; sourceTree = SOURCE_ROOT; };
		D9F23E343EDD9726E0FC090C /* SynthSound.h */ = {isa = PBXFileReference; lastKnownFileType = sourcecode.c.h; name = SynthSound.h; path = ../../Source/SynthSound.h; sourceTree = SOURCE_ROOT; };
		DD8A22FFDA5F38CC543E3A34 /* include_juce_audio_plugin_client_VST_utils.mm */ = {isa = PBXFileReference; lastKnownFileType = sourcecode.cpp.objcpp; name = include_juce_audio_plugin_client_VST_utils.mm; path = ../../JuceLibraryCode/include_juce_audio_plugin_client_VST_utils.mm; sourceTree = SOURCE_ROOT; };
		E1E3D5D75397B53634F7D0DC /* maxiBark.h */ = {isa = PBXFileReference; lastKnownFileType = sourcecode.c.h; name = maxiBark.h; path = "../../../Maximilian libs/libs/maxiBark.h"; sourceTree = SOURCE_ROOT; };
		E1F71479A634D2C2736CF66D /* juce_audio_formats */ = {isa = PBXFileReference; lastKnownFileType = text; name = juce_audio_formats; path = "~/JUCE/modules/juce_audio_formats"; sourceTree = "<absolute>"; };
		E41CA1E1891452B32102B38B /* maxiMFCC.cpp */ = {isa = PBXFileReference; lastKnownFileType = sourcecode.cpp.cpp; name = maxiMFCC.cpp; path = "../../../Maximilian libs/libs/maxiMFCC.cpp"; sourceTree = SOURCE_ROOT; };
		E8DA0F85C98136DC55A3F241 /* maxiAtoms.h */ = {isa = PBXFileReference; lastKnownFileType = sourcecode.c.h; name = maxiAtoms.h; path = "../../../Maximilian libs/libs/maxiAtoms.h"; sourceTree = SOURCE_ROOT; };
		EEC488ABAA1AE4F205B25783 /* PluginProcessor.h */ = {isa = PBXFileReference; lastKnownFileType = sourcecode.c.h; name = PluginProcessor.h; path = ../../Source/PluginProcessor.h; sourceTree = SOURCE_ROOT; };
		EF308D3774CE815B49C9FAD9 /* maxiGrains.cpp */ = {isa = PBXFileReference; lastKnownFileType = sourcecode.cpp.cpp; name = maxiGrains.cpp; path = "../../../Maximilian libs/libs/maxiGrains.cpp"; sourceTree = SOURCE_ROOT; };
		FD9B7A12528F11A73DF7BC32 /* juce_gui_basics */ = {isa = PBXFileReference; lastKnownFileType = text; name = juce_gui_basics; path = "~/JUCE/modules/juce_gui_basics"; sourceTree = "<absolute>"; };
		FE1028E5C1A7EAD4D6CDD981 /* AppConfig.h */ = {isa = PBXFileReference; lastKnownFileType = sourcecode.c.h; name = AppConfig.h; path = ../../JuceLibraryCode/AppConfig.h; sourceTree = SOURCE_ROOT; };
/* End PBXFileReference section */

/* Begin PBXFrameworksBuildPhase section */
		6DCB135EA1D8285FDAFB4616 /* Frameworks */ = {
			isa = PBXFrameworksBuildPhase;
			buildActionMask = 2147483647;
			files = (
				01E5A3721E9C1EE264119A35 /* Accelerate.framework in Frameworks */,
				FF5AE74501B59F8E9ECDB040 /* AudioToolbox.framework in Frameworks */,
				B2C885B53351EB755C098C21 /* Carbon.framework in Frameworks */,
				045D75897911E3AEBC5DD7FB /* Cocoa.framework in Frameworks */,
				DFCF22AB7BFB1B3843239148 /* CoreAudio.framework in Frameworks */,
				739D7A4FF8F120A741A6C396 /* CoreAudioKit.framework in Frameworks */,
				5569DAC45F6CD8F93F0C877C /* CoreMIDI.framework in Frameworks */,
				319F63DE7BD74409565D220F /* DiscRecording.framework in Frameworks */,
				6487A74F532768C75D81174B /* IOKit.framework in Frameworks */,
				5ACC8989DC3240EA71960892 /* OpenGL.framework in Frameworks */,
				2617FCB820A045053172A796 /* QuartzCore.framework in Frameworks */,
				CF5EA49E9C44A88B711BFF32 /* WebKit.framework in Frameworks */,
			);
			runOnlyForDeploymentPostprocessing = 0;
		};
		70E4C5EC5E2F24936BCC9EC2 /* Frameworks */ = {
			isa = PBXFrameworksBuildPhase;
			buildActionMask = 2147483647;
			files = (
				8966A3642480312F003832CE /* Accelerate.framework in Frameworks */,
				8966A3652480312F003832CE /* AudioToolbox.framework in Frameworks */,
				8966A3662480312F003832CE /* Carbon.framework in Frameworks */,
				8966A3672480312F003832CE /* Cocoa.framework in Frameworks */,
				8966A3682480312F003832CE /* CoreAudio.framework in Frameworks */,
				8966A3692480312F003832CE /* CoreAudioKit.framework in Frameworks */,
				8966A36A2480312F003832CE /* CoreMIDI.framework in Frameworks */,
				8966A36B2480312F003832CE /* DiscRecording.framework in Frameworks */,
				8966A36C2480312F003832CE /* IOKit.framework in Frameworks */,
				8966A36D2480312F003832CE /* OpenGL.framework in Frameworks */,
				8966A36E2480312F003832CE /* QuartzCore.framework in Frameworks */,
				8966A36F2480312F003832CE /* WebKit.framework in Frameworks */,
			);
			runOnlyForDeploymentPostprocessing = 0;
		};
		9F86219FE0721934B61CDD76 /* Frameworks */ = {
			isa = PBXFrameworksBuildPhase;
			buildActionMask = 2147483647;
			files = (
				38F0F6B5A0088E335F0D2A87 /* AudioUnit.framework in Frameworks */,
				8966A3572480312F003832CE /* Accelerate.framework in Frameworks */,
				8966A3582480312F003832CE /* AudioToolbox.framework in Frameworks */,
				8966A3592480312F003832CE /* Carbon.framework in Frameworks */,
				8966A35A2480312F003832CE /* Cocoa.framework in Frameworks */,
				8966A35B2480312F003832CE /* CoreAudio.framework in Frameworks */,
				8966A35C2480312F003832CE /* CoreAudioKit.framework in Frameworks */,
				8966A35D2480312F003832CE /* CoreMIDI.framework in Frameworks */,
				8966A35E2480312F003832CE /* DiscRecording.framework in Frameworks */,
				8966A35F2480312F003832CE /* IOKit.framework in Frameworks */,
				8966A3602480312F003832CE /* OpenGL.framework in Frameworks */,
				8966A3612480312F003832CE /* QuartzCore.framework in Frameworks */,
				8966A3622480312F003832CE /* WebKit.framework in Frameworks */,
			);
			runOnlyForDeploymentPostprocessing = 0;
		};
/* End PBXFrameworksBuildPhase section */

/* Begin PBXGroup section */
		05228C16132B2B10F60A0899 /* Resources */ = {
			isa = PBXGroup;
			children = (
				568816CF0D66C5011E675B66 /* Info-VST3.plist */,
				A132F58EFF67CA09191B0092 /* Info-AU.plist */,
				C0EE882EA3A97BF3AF982962 /* Info-Standalone_Plugin.plist */,
				A3981C1711ADC756521FC2C8 /* RecentFilesMenuTemplate.nib */,
			);
			name = Resources;
			sourceTree = "<group>";
		};
		207E27BB018E727F4C5F3AF2 /* libs */ = {
			isa = PBXGroup;
			children = (
				1D0DCDE60E0A5BFC9F826CF3 /* fft.cpp */,
				282BB08B9A26580230F36E33 /* fft.h */,
				8ACECF8D148700146D95DDF8 /* filters.cpp */,
				18C022275C8E7B15BC779468 /* maxiAtoms.cpp */,
				E8DA0F85C98136DC55A3F241 /* maxiAtoms.h */,
				3ECC07D114D742BEECB64CB1 /* maxiBark.cpp */,
				E1E3D5D75397B53634F7D0DC /* maxiBark.h */,
				519680A54DAD537ED5E98103 /* maxiFFT.cpp */,
				73FB0C751553D26314BED15C /* maxiFFT.h */,
				EF308D3774CE815B49C9FAD9 /* maxiGrains.cpp */,
				C20F8D7C85824B27D750070A /* maxiGrains.h */,
				93A7A4AB92BBC1A197E18BE2 /* maxim.h */,
				E41CA1E1891452B32102B38B /* maxiMFCC.cpp */,
				09F77266E8705395EFB3DC80 /* maxiMFCC.h */,
				1CA04A78A2AEE99D31119EC3 /* sineTable.h */,
			);
			name = libs;
			sourceTree = "<group>";
		};
		2517E2C2FADCF564911EC48B /* JUCE Library Code */ = {
			isa = PBXGroup;
			children = (
				FE1028E5C1A7EAD4D6CDD981 /* AppConfig.h */,
				3FC638649F5AFFF3809ABBEC /* include_juce_audio_basics.mm */,
				94DF9B4F4CD690DCC4D97EF6 /* include_juce_audio_devices.mm */,
				13B86FE786D576B3B1B81392 /* include_juce_audio_formats.mm */,
				A9B17679F4D7D33618F51FE9 /* include_juce_audio_plugin_client_AU.r */,
				394D269176D3BB7C7000C61C /* include_juce_audio_plugin_client_AU_1.mm */,
				8F20152C68B581559CD03872 /* include_juce_audio_plugin_client_AU_2.mm */,
				9BF722613940BFA1AE517622 /* include_juce_audio_plugin_client_Standalone.cpp */,
				744A0053F26B257D88E171B7 /* include_juce_audio_plugin_client_utils.cpp */,
				DD8A22FFDA5F38CC543E3A34 /* include_juce_audio_plugin_client_VST_utils.mm */,
				88840F39B5BFD43630D344F9 /* include_juce_audio_plugin_client_VST3.cpp */,
				6B2E2CBF1CD08BFA33078F24 /* include_juce_audio_processors.mm */,
				CB558EDE57BC7DB3C8696957 /* include_juce_audio_utils.mm */,
				4586081C233FBFCD7F9A863E /* include_juce_core.mm */,
				442580957D431FFFA27F90B4 /* include_juce_cryptography.mm */,
				0DD66618418DAABA0599DE98 /* include_juce_data_structures.mm */,
				A3DDE796F93FF4A6E3249B17 /* include_juce_events.mm */,
				8828EF648B1CC3F341DB9C4B /* include_juce_graphics.mm */,
				915DDAA2F5CBBA08892280DF /* include_juce_gui_basics.mm */,
				C88C6FDCFDC9943C77BDF3C5 /* include_juce_gui_extra.mm */,
				D7B481E998AECFA6A1E9BA10 /* include_juce_opengl.mm */,
				9B8169E23A9B6A4C4A1B1423 /* JuceHeader.h */,
			);
			name = "JUCE Library Code";
			sourceTree = "<group>";
		};
		34D693DFE6CE25736A6BB72E /* JUCE Modules */ = {
			isa = PBXGroup;
			children = (
				04279D73F285881601A3C3A2 /* juce_audio_basics */,
				2C1548877E375344AD525F65 /* juce_audio_devices */,
				E1F71479A634D2C2736CF66D /* juce_audio_formats */,
				BA4C49BF9B834BD60CBE92BA /* juce_audio_plugin_client */,
				6622EA32DC24AE47D3D32347 /* juce_audio_processors */,
				651A8B64E29A54E5B5E16C83 /* juce_audio_utils */,
				6AD64A390C7201292233128C /* juce_core */,
				8FE821EE1B7635AB6902EC16 /* juce_cryptography */,
				A3ADD75C09DCF972C02D886C /* juce_data_structures */,
				71483EEA10D9082A2A70ADF6 /* juce_events */,
				3DC49638D92CB6468EF23064 /* juce_graphics */,
				FD9B7A12528F11A73DF7BC32 /* juce_gui_basics */,
				B740822F13D3088451DD7680 /* juce_gui_extra */,
				97402DC10EA268C0A5DEBBA9 /* juce_opengl */,
			);
			name = "JUCE Modules";
			sourceTree = "<group>";
		};
		48D81C10A38E5C61FC3B6BCE /* Frameworks */ = {
			isa = PBXGroup;
			children = (
				30E9C7D233EDBCF2C8E46BF5 /* AudioUnit.framework */,
				17846B2E568F8FF4D5F3348D /* Accelerate.framework */,
				033D08898B3FA0180DCEE57B /* AudioToolbox.framework */,
				2D9E2FC9D9AFE36E4ECE7B18 /* Carbon.framework */,
				D5FA77EB312DD4D1F0901567 /* Cocoa.framework */,
				5AF355535FF7095B5E26F5DC /* CoreAudio.framework */,
				19359150EEFDD3BA460B7DF9 /* CoreAudioKit.framework */,
				5B592C9834A964FCA7B5F9BA /* CoreMIDI.framework */,
				1212C91371BF6286CEF08278 /* DiscRecording.framework */,
				6775078FA0FAF0AE1AABA4B6 /* IOKit.framework */,
				968CDB77EE64DA43C969CE3A /* OpenGL.framework */,
				33616ADCC8CD50AA417B35B8 /* QuartzCore.framework */,
				653DCCDBC5996F5911C2A11F /* WebKit.framework */,
			);
			name = Frameworks;
			sourceTree = "<group>";
		};
		5E82811652A82E6305244593 /* Products */ = {
			isa = PBXGroup;
			children = (
				A8CBE6D14239228437AA6E01 /* Audio Plug-in Synth.vst3 */,
				A5C82B0ACA1BDF0ACE94A783 /* Audio Plug-in Synth.component */,
				8E8698727C052038F033956F /* Audio Plug-in Synth.app */,
				1FA4A7E6C716D090AAB6EDCE /* libAudio Plug-in Synth.a */,
			);
			name = Products;
			sourceTree = "<group>";
		};
		93B41176E785AB489D3D5D3F /* Audio Plug-in Synth */ = {
			isa = PBXGroup;
			children = (
				EF2D99A200AB7F482831C1E4 /* Source */,
			);
			name = "Audio Plug-in Synth";
			sourceTree = "<group>";
		};
		C06DF15D149FC94E4C2DF001 /* Source */ = {
			isa = PBXGroup;
			children = (
				93B41176E785AB489D3D5D3F /* Audio Plug-in Synth */,
				34D693DFE6CE25736A6BB72E /* JUCE Modules */,
				2517E2C2FADCF564911EC48B /* JUCE Library Code */,
				05228C16132B2B10F60A0899 /* Resources */,
				48D81C10A38E5C61FC3B6BCE /* Frameworks */,
				5E82811652A82E6305244593 /* Products */,
			);
			name = Source;
			sourceTree = "<group>";
		};
		E750F013089782D527DB6DD8 /* Maximilian libs */ = {
			isa = PBXGroup;
			children = (
				207E27BB018E727F4C5F3AF2 /* libs */,
				3E5986939A18E6DDFC00FFDB /* main.cpp */,
				ADA6590C907D1AA06FAC5AB6 /* maximilian.cpp */,
				9918AEF0ADEB05803E892311 /* maximilian.h */,
				2A6AD71B8B2BBF901B390573 /* stb_vorbis.c */,
				14C86DEDACE53B47B6CCC2BA /* stb_vorbis.h */,
			);
			name = "Maximilian libs";
			sourceTree = "<group>";
		};
		EF2D99A200AB7F482831C1E4 /* Source */ = {
			isa = PBXGroup;
			children = (
				E750F013089782D527DB6DD8 /* Maximilian libs */,
				D9F23E343EDD9726E0FC090C /* SynthSound.h */,
				8974096D24803AD700A13808 /* SynthParameters.h */,
				18C420851917D4339CA27965 /* SynthVoice.h */,
				89071C202481AAD400AB3E31 /* SynthParameters.cpp */,
				85A8E5B8C77FC6FB3204F1F5 /* PluginProcessor.cpp */,
				EEC488ABAA1AE4F205B25783 /* PluginProcessor.h */,
				22317E220EFC61C9C6BB37EA /* PluginEditor.cpp */,
				9DBB2F69225DCA82A743AFF5 /* PluginEditor.h */,
			);
			name = Source;
			sourceTree = "<group>";
		};
/* End PBXGroup section */

/* Begin PBXNativeTarget section */
		0499AC3C1E119D33EF2EC3D3 /* Audio Plug-in Synth - Shared Code */ = {
			isa = PBXNativeTarget;
			buildConfigurationList = 17E34D6EBACE4113C42384FE /* Build configuration list for PBXNativeTarget "Audio Plug-in Synth - Shared Code" */;
			buildPhases = (
				19599071F7630981D34ED602 /* Sources */,
			);
			buildRules = (
			);
			dependencies = (
			);
			name = "Audio Plug-in Synth - Shared Code";
			productName = "Audio Plug-in Synth";
			productReference = 1FA4A7E6C716D090AAB6EDCE /* libAudio Plug-in Synth.a */;
			productType = "com.apple.product-type.library.static";
		};
		0CD61EEB44FD50FC974A1DCE /* Audio Plug-in Synth - VST3 */ = {
			isa = PBXNativeTarget;
			buildConfigurationList = A412FA34939AC73A2295766B /* Build configuration list for PBXNativeTarget "Audio Plug-in Synth - VST3" */;
			buildPhases = (
				F1252B0F58BB3A5AD769D1CA /* Resources */,
				3C344BD96437B618EB63E25D /* Sources */,
				6DCB135EA1D8285FDAFB4616 /* Frameworks */,
			);
			buildRules = (
			);
			dependencies = (
				54F7873B9219F43611A95B66 /* PBXTargetDependency */,
			);
			name = "Audio Plug-in Synth - VST3";
			productName = "Audio Plug-in Synth";
			productReference = A8CBE6D14239228437AA6E01 /* Audio Plug-in Synth.vst3 */;
			productType = "com.apple.product-type.bundle";
		};
		158F441322E2A2CF5C3FE07C /* Audio Plug-in Synth - Standalone Plugin */ = {
			isa = PBXNativeTarget;
			buildConfigurationList = 9284D35B876607731BEA3C13 /* Build configuration list for PBXNativeTarget "Audio Plug-in Synth - Standalone Plugin" */;
			buildPhases = (
				33C4F55DDCF1EE5F0B119E31 /* Resources */,
				3AF3D854DA8C522DCD77DBAD /* Sources */,
				70E4C5EC5E2F24936BCC9EC2 /* Frameworks */,
			);
			buildRules = (
			);
			dependencies = (
				54F7873B9219F43611A95B66 /* PBXTargetDependency */,
			);
			name = "Audio Plug-in Synth - Standalone Plugin";
			productName = "Audio Plug-in Synth";
			productReference = 8E8698727C052038F033956F /* Audio Plug-in Synth.app */;
			productType = "com.apple.product-type.application";
		};
		68BF9455E290D15B756EEDF4 /* Audio Plug-in Synth - AU */ = {
			isa = PBXNativeTarget;
			buildConfigurationList = CFAEE71FC4E32D4E474AC7F4 /* Build configuration list for PBXNativeTarget "Audio Plug-in Synth - AU" */;
			buildPhases = (
				1BC54DBCB16436658D0DFA3B /* Resources */,
				28DE43C57CF52F9E16AB3D7E /* Rez */,
				FB6F3FD53BBE67CC6AC075B6 /* Sources */,
				9F86219FE0721934B61CDD76 /* Frameworks */,
			);
			buildRules = (
			);
			dependencies = (
				54F7873B9219F43611A95B66 /* PBXTargetDependency */,
			);
			name = "Audio Plug-in Synth - AU";
			productName = "Audio Plug-in Synth";
			productReference = A5C82B0ACA1BDF0ACE94A783 /* Audio Plug-in Synth.component */;
			productType = "com.apple.product-type.bundle";
		};
/* End PBXNativeTarget section */

/* Begin PBXProject section */
		8806CC8E3D5578D1900E0E5C /* Project object */ = {
			isa = PBXProject;
			attributes = {
				LastUpgradeCheck = 1100;
				ORGANIZATIONNAME = "";
				TargetAttributes = {
					0499AC3C1E119D33EF2EC3D3 = {
						SystemCapabilities = {
							com.apple.ApplicationGroups.iOS = {
								enabled = 0;
							};
							com.apple.HardenedRuntime = {
								enabled = 0;
							};
							com.apple.InAppPurchase = {
								enabled = 0;
							};
							com.apple.InterAppAudio = {
								enabled = 0;
							};
							com.apple.Push = {
								enabled = 0;
							};
							com.apple.Sandbox = {
								enabled = 0;
							};
						};
					};
					0CD61EEB44FD50FC974A1DCE = {
						SystemCapabilities = {
							com.apple.ApplicationGroups.iOS = {
								enabled = 0;
							};
							com.apple.HardenedRuntime = {
								enabled = 0;
							};
							com.apple.InAppPurchase = {
								enabled = 0;
							};
							com.apple.InterAppAudio = {
								enabled = 0;
							};
							com.apple.Push = {
								enabled = 0;
							};
							com.apple.Sandbox = {
								enabled = 0;
							};
						};
					};
					158F441322E2A2CF5C3FE07C = {
						SystemCapabilities = {
							com.apple.ApplicationGroups.iOS = {
								enabled = 0;
							};
							com.apple.HardenedRuntime = {
								enabled = 0;
							};
							com.apple.InAppPurchase = {
								enabled = 0;
							};
							com.apple.InterAppAudio = {
								enabled = 0;
							};
							com.apple.Push = {
								enabled = 0;
							};
							com.apple.Sandbox = {
								enabled = 0;
							};
						};
					};
					68BF9455E290D15B756EEDF4 = {
						SystemCapabilities = {
							com.apple.ApplicationGroups.iOS = {
								enabled = 0;
							};
							com.apple.HardenedRuntime = {
								enabled = 0;
							};
							com.apple.InAppPurchase = {
								enabled = 0;
							};
							com.apple.InterAppAudio = {
								enabled = 0;
							};
							com.apple.Push = {
								enabled = 0;
							};
							com.apple.Sandbox = {
								enabled = 0;
							};
						};
					};
					C96AAAB57AF9ABC0DCD38DFB = {
						SystemCapabilities = {
							com.apple.ApplicationGroups.iOS = {
								enabled = 0;
							};
							com.apple.HardenedRuntime = {
								enabled = 0;
							};
							com.apple.InAppPurchase = {
								enabled = 0;
							};
							com.apple.InterAppAudio = {
								enabled = 0;
							};
							com.apple.Push = {
								enabled = 0;
							};
							com.apple.Sandbox = {
								enabled = 0;
							};
						};
					};
				};
			};
			buildConfigurationList = 45DACBF308CF7E09FAF1B30B /* Build configuration list for PBXProject "Audio Plug-in Synth" */;
			compatibilityVersion = "Xcode 3.2";
			developmentRegion = en;
			hasScannedForEncodings = 0;
			knownRegions = (
				en,
				Base,
			);
			mainGroup = C06DF15D149FC94E4C2DF001 /* Source */;
			projectDirPath = "";
			projectRoot = "";
			targets = (
				C96AAAB57AF9ABC0DCD38DFB /* Audio Plug-in Synth - All */,
				0CD61EEB44FD50FC974A1DCE /* Audio Plug-in Synth - VST3 */,
				68BF9455E290D15B756EEDF4 /* Audio Plug-in Synth - AU */,
				158F441322E2A2CF5C3FE07C /* Audio Plug-in Synth - Standalone Plugin */,
				0499AC3C1E119D33EF2EC3D3 /* Audio Plug-in Synth - Shared Code */,
			);
		};
/* End PBXProject section */

/* Begin PBXResourcesBuildPhase section */
		1BC54DBCB16436658D0DFA3B /* Resources */ = {
			isa = PBXResourcesBuildPhase;
			buildActionMask = 2147483647;
			files = (
				8966A3562480312F003832CE /* RecentFilesMenuTemplate.nib in Resources */,
			);
			runOnlyForDeploymentPostprocessing = 0;
		};
		33C4F55DDCF1EE5F0B119E31 /* Resources */ = {
			isa = PBXResourcesBuildPhase;
			buildActionMask = 2147483647;
			files = (
				8966A3632480312F003832CE /* RecentFilesMenuTemplate.nib in Resources */,
			);
			runOnlyForDeploymentPostprocessing = 0;
		};
		F1252B0F58BB3A5AD769D1CA /* Resources */ = {
			isa = PBXResourcesBuildPhase;
			buildActionMask = 2147483647;
			files = (
				112CF868C26C45051AB82A37 /* RecentFilesMenuTemplate.nib in Resources */,
			);
			runOnlyForDeploymentPostprocessing = 0;
		};
/* End PBXResourcesBuildPhase section */

/* Begin PBXRezBuildPhase section */
		28DE43C57CF52F9E16AB3D7E /* Rez */ = {
			isa = PBXRezBuildPhase;
			buildActionMask = 2147483647;
			files = (
				5869986B9A4490F54632647E /* include_juce_audio_plugin_client_AU.r in Rez */,
			);
			runOnlyForDeploymentPostprocessing = 0;
		};
/* End PBXRezBuildPhase section */

/* Begin PBXSourcesBuildPhase section */
		19599071F7630981D34ED602 /* Sources */ = {
			isa = PBXSourcesBuildPhase;
			buildActionMask = 2147483647;
			files = (
				D3B1E512438D542F9BC5BBC2 /* fft.cpp in Sources */,
				E2E72D53B99A54DA2E9A256A /* filters.cpp in Sources */,
				F8576AAD46335ED0AFBD6FFD /* maxiAtoms.cpp in Sources */,
				640AFD6EE0E8DCD06E4120E2 /* maxiBark.cpp in Sources */,
				5F8215101B8C0EFB568E3F60 /* maxiFFT.cpp in Sources */,
				CEB9B2B7CD292AF007FCF672 /* maxiGrains.cpp in Sources */,
				7CAB0524A5258072AE389030 /* maxiMFCC.cpp in Sources */,
				0B60AA6299E4DD7579E96B6F /* main.cpp in Sources */,
				1FF2ABC3F93553FBC4156ED9 /* maximilian.cpp in Sources */,
				40F422ADA6D3F10922E31A27 /* stb_vorbis.c in Sources */,
				7A0513DDDB54DD0FBFDE2C43 /* PluginProcessor.cpp in Sources */,
				A42CAEC393E8BC7C138DB848 /* PluginEditor.cpp in Sources */,
				1FCD365B60284701658F7C41 /* include_juce_audio_basics.mm in Sources */,
				8AF9F4F662DB2BE93714E331 /* include_juce_audio_devices.mm in Sources */,
				33DA9C4B9F022D839C7A275A /* include_juce_audio_formats.mm in Sources */,
				4F64E8BBABCD84657FC3FA4A /* include_juce_audio_plugin_client_utils.cpp in Sources */,
				080BA5E990473A306B5C6D20 /* include_juce_audio_plugin_client_VST_utils.mm in Sources */,
				428E8AF956CDE8E345559124 /* include_juce_audio_processors.mm in Sources */,
				2748DE7903E1512A223DC615 /* include_juce_audio_utils.mm in Sources */,
				35261453D0A28922E942FE3D /* include_juce_core.mm in Sources */,
				B9AF6A7E2DB37911EC331982 /* include_juce_cryptography.mm in Sources */,
				FB2557D762134DE0B8F4961D /* include_juce_data_structures.mm in Sources */,
				5FD9A6C308390B1F7B03FE56 /* include_juce_events.mm in Sources */,
				F494879ACAD41643D4452FB5 /* include_juce_graphics.mm in Sources */,
				14425C6093447E85B4E7F5C5 /* include_juce_gui_basics.mm in Sources */,
				50F1CA6F38DDC35B93052E37 /* include_juce_gui_extra.mm in Sources */,
				02C8D7819D0A545890F6B560 /* include_juce_opengl.mm in Sources */,
			);
			runOnlyForDeploymentPostprocessing = 0;
		};
		3AF3D854DA8C522DCD77DBAD /* Sources */ = {
			isa = PBXSourcesBuildPhase;
			buildActionMask = 2147483647;
			files = (
				16BBA64F059CF3B7E900A01C /* include_juce_audio_plugin_client_Standalone.cpp in Sources */,
			);
			runOnlyForDeploymentPostprocessing = 0;
		};
		3C344BD96437B618EB63E25D /* Sources */ = {
			isa = PBXSourcesBuildPhase;
			buildActionMask = 2147483647;
			files = (
				89071C212481AAD400AB3E31 /* SynthParameters.cpp in Sources */,
				CBEEF9AB1BA601160FED4FCB /* include_juce_audio_plugin_client_VST3.cpp in Sources */,
			);
			runOnlyForDeploymentPostprocessing = 0;
		};
		FB6F3FD53BBE67CC6AC075B6 /* Sources */ = {
			isa = PBXSourcesBuildPhase;
			buildActionMask = 2147483647;
			files = (
				82DD69C21110852963014526 /* include_juce_audio_plugin_client_AU_1.mm in Sources */,
				97BDB9CFFC07A66984D8EE23 /* include_juce_audio_plugin_client_AU_2.mm in Sources */,
			);
			runOnlyForDeploymentPostprocessing = 0;
		};
/* End PBXSourcesBuildPhase section */

/* Begin PBXTargetDependency section */
		54F7873B9219F43611A95B66 /* PBXTargetDependency */ = {
			isa = PBXTargetDependency;
			target = 0499AC3C1E119D33EF2EC3D3 /* Audio Plug-in Synth - Shared Code */;
			targetProxy = 8966A37324803134003832CE /* PBXContainerItemProxy */;
		};
		C60D97B26D9011D9B88AEE45 /* PBXTargetDependency */ = {
			isa = PBXTargetDependency;
			target = 158F441322E2A2CF5C3FE07C /* Audio Plug-in Synth - Standalone Plugin */;
			targetProxy = 8966A37224803134003832CE /* PBXContainerItemProxy */;
		};
		E492BBC8B672F224C2DA4F44 /* PBXTargetDependency */ = {
			isa = PBXTargetDependency;
			target = 68BF9455E290D15B756EEDF4 /* Audio Plug-in Synth - AU */;
			targetProxy = 8966A37124803134003832CE /* PBXContainerItemProxy */;
		};
		F6B8BB76D081A1D62B3F9F10 /* PBXTargetDependency */ = {
			isa = PBXTargetDependency;
			target = 0CD61EEB44FD50FC974A1DCE /* Audio Plug-in Synth - VST3 */;
			targetProxy = 8966A37024803134003832CE /* PBXContainerItemProxy */;
		};
/* End PBXTargetDependency section */

/* Begin XCBuildConfiguration section */
		131E2CA3C74B3A48028A519C /* Debug */ = {
			isa = XCBuildConfiguration;
			buildSettings = {
				ALWAYS_SEARCH_USER_PATHS = NO;
				CLANG_ENABLE_OBJC_WEAK = YES;
				CLANG_WARN_BLOCK_CAPTURE_AUTORELEASING = YES;
				CLANG_WARN_BOOL_CONVERSION = YES;
				CLANG_WARN_COMMA = YES;
				CLANG_WARN_CONSTANT_CONVERSION = YES;
				CLANG_WARN_DEPRECATED_OBJC_IMPLEMENTATIONS = YES;
				CLANG_WARN_EMPTY_BODY = YES;
				CLANG_WARN_ENUM_CONVERSION = YES;
				CLANG_WARN_INFINITE_RECURSION = YES;
				CLANG_WARN_INT_CONVERSION = YES;
				CLANG_WARN_NON_LITERAL_NULL_CONVERSION = YES;
				CLANG_WARN_OBJC_IMPLICIT_RETAIN_SELF = YES;
				CLANG_WARN_OBJC_LITERAL_CONVERSION = YES;
				CLANG_WARN_RANGE_LOOP_ANALYSIS = YES;
				CLANG_WARN_STRICT_PROTOTYPES = YES;
				CLANG_WARN_SUSPICIOUS_MOVE = YES;
				CLANG_WARN_UNREACHABLE_CODE = YES;
				CLANG_WARN__DUPLICATE_METHOD_MATCH = YES;
				CODE_SIGN_IDENTITY = "";
				DEBUG_INFORMATION_FORMAT = dwarf;
				ENABLE_STRICT_OBJC_MSGSEND = YES;
				ENABLE_TESTABILITY = YES;
				GCC_C_LANGUAGE_STANDARD = c11;
				GCC_INLINES_ARE_PRIVATE_EXTERN = YES;
				GCC_MODEL_TUNING = G5;
				GCC_NO_COMMON_BLOCKS = YES;
				GCC_WARN_64_TO_32_BIT_CONVERSION = YES;
				GCC_WARN_ABOUT_RETURN_TYPE = YES;
				GCC_WARN_CHECK_SWITCH_STATEMENTS = YES;
				GCC_WARN_MISSING_PARENTHESES = YES;
				GCC_WARN_NON_VIRTUAL_DESTRUCTOR = YES;
				GCC_WARN_TYPECHECK_CALLS_TO_PRINTF = YES;
				GCC_WARN_UNDECLARED_SELECTOR = YES;
				GCC_WARN_UNINITIALIZED_AUTOS = YES;
				GCC_WARN_UNUSED_FUNCTION = YES;
				GCC_WARN_UNUSED_VARIABLE = YES;
				ONLY_ACTIVE_ARCH = YES;
				PRODUCT_NAME = "Audio Plug-in Synth";
				SDKROOT = macosx;
				WARNING_CFLAGS = "-Wreorder";
				ZERO_LINK = NO;
			};
			name = Debug;
		};
		212B5FA7324F8BF1C16B46DD /* Release */ = {
			isa = XCBuildConfiguration;
			buildSettings = {
				ALWAYS_SEARCH_USER_PATHS = NO;
				CLANG_ENABLE_OBJC_WEAK = YES;
				CLANG_WARN_BLOCK_CAPTURE_AUTORELEASING = YES;
				CLANG_WARN_BOOL_CONVERSION = YES;
				CLANG_WARN_COMMA = YES;
				CLANG_WARN_CONSTANT_CONVERSION = YES;
				CLANG_WARN_DEPRECATED_OBJC_IMPLEMENTATIONS = YES;
				CLANG_WARN_EMPTY_BODY = YES;
				CLANG_WARN_ENUM_CONVERSION = YES;
				CLANG_WARN_INFINITE_RECURSION = YES;
				CLANG_WARN_INT_CONVERSION = YES;
				CLANG_WARN_NON_LITERAL_NULL_CONVERSION = YES;
				CLANG_WARN_OBJC_IMPLICIT_RETAIN_SELF = YES;
				CLANG_WARN_OBJC_LITERAL_CONVERSION = YES;
				CLANG_WARN_RANGE_LOOP_ANALYSIS = YES;
				CLANG_WARN_STRICT_PROTOTYPES = YES;
				CLANG_WARN_SUSPICIOUS_MOVE = YES;
				CLANG_WARN_UNREACHABLE_CODE = YES;
				CLANG_WARN__DUPLICATE_METHOD_MATCH = YES;
				CODE_SIGN_IDENTITY = "";
				DEBUG_INFORMATION_FORMAT = dwarf;
				ENABLE_STRICT_OBJC_MSGSEND = YES;
				GCC_C_LANGUAGE_STANDARD = c11;
				GCC_INLINES_ARE_PRIVATE_EXTERN = YES;
				GCC_MODEL_TUNING = G5;
				GCC_NO_COMMON_BLOCKS = YES;
				GCC_WARN_64_TO_32_BIT_CONVERSION = YES;
				GCC_WARN_ABOUT_RETURN_TYPE = YES;
				GCC_WARN_CHECK_SWITCH_STATEMENTS = YES;
				GCC_WARN_MISSING_PARENTHESES = YES;
				GCC_WARN_NON_VIRTUAL_DESTRUCTOR = YES;
				GCC_WARN_TYPECHECK_CALLS_TO_PRINTF = YES;
				GCC_WARN_UNDECLARED_SELECTOR = YES;
				GCC_WARN_UNINITIALIZED_AUTOS = YES;
				GCC_WARN_UNUSED_FUNCTION = YES;
				GCC_WARN_UNUSED_VARIABLE = YES;
				PRODUCT_NAME = "Audio Plug-in Synth";
				SDKROOT = macosx;
				WARNING_CFLAGS = "-Wreorder";
				ZERO_LINK = NO;
			};
			name = Release;
		};
		35AC19214E1F79EE48C224C4 /* Release */ = {
			isa = XCBuildConfiguration;
			buildSettings = {
				CLANG_CXX_LANGUAGE_STANDARD = "c++14";
				CLANG_CXX_LIBRARY = "libc++";
				CLANG_LINK_OBJC_RUNTIME = NO;
				CODE_SIGN_IDENTITY = "";
				COMBINE_HIDPI_IMAGES = YES;
				CONFIGURATION_BUILD_DIR = "$(PROJECT_DIR)/build/$(CONFIGURATION)";
				DEAD_CODE_STRIPPING = YES;
				DEPLOYMENT_LOCATION = YES;
				DSTROOT = /;
				GCC_GENERATE_DEBUGGING_SYMBOLS = NO;
				GCC_OPTIMIZATION_LEVEL = 3;
				GCC_PREPROCESSOR_DEFINITIONS = (
					"_NDEBUG=1",
					"NDEBUG=1",
					"JUCER_XCODE_MAC_F6D2F4CF=1",
					"JUCE_APP_VERSION=1.0.0",
					"JUCE_APP_VERSION_HEX=0x10000",
					"JucePlugin_Build_VST=0",
					"JucePlugin_Build_VST3=0",
					"JucePlugin_Build_AU=1",
					"JucePlugin_Build_AUv3=0",
					"JucePlugin_Build_RTAS=0",
					"JucePlugin_Build_AAX=0",
					"JucePlugin_Build_Standalone=0",
					"JucePlugin_Build_Unity=0",
				);
				GCC_SYMBOLS_PRIVATE_EXTERN = YES;
				GCC_VERSION = com.apple.compilers.llvm.clang.1_0;
				GENERATE_PKGINFO_FILE = YES;
				HEADER_SEARCH_PATHS = (
					"$(HOME)/JUCE/modules/juce_audio_processors/format_types/VST3_SDK",
					../../JuceLibraryCode,
					"$(HOME)/JUCE/modules",
					"$(HOME)/JUCE/modules/juce_audio_plugin_client",
					"$(inherited)",
				);
				INFOPLIST_FILE = "Info-AU.plist";
				INFOPLIST_PREPROCESS = NO;
				INSTALL_PATH = "$(HOME)/Library/Audio/Plug-Ins/Components/";
				LIBRARY_STYLE = Bundle;
				LLVM_LTO = YES;
				MACOSX_DEPLOYMENT_TARGET = 10.11;
				OTHER_LDFLAGS = (
					"-bundle",
					"-lAudio\\ Plug-in\\ Synth",
				);
				OTHER_REZFLAGS = "-d ppc_$ppc -d i386_$i386 -d ppc64_$ppc64 -d x86_64_$x86_64 -I /System/Library/Frameworks/CoreServices.framework/Frameworks/CarbonCore.framework/Versions/A/Headers -I \"$(DEVELOPER_DIR)/Extras/CoreAudio/AudioUnits/AUPublic/AUBase\" -I \"$(DEVELOPER_DIR)/Platforms/MacOSX.platform/Developer/SDKs/MacOSX.sdk/System/Library/Frameworks/AudioUnit.framework/Headers\"";
				PRODUCT_BUNDLE_IDENTIFIER = com.yourcompany.AudioPluginSynth;
				PRODUCT_NAME = "Audio Plug-in Synth";
				USE_HEADERMAP = NO;
				WRAPPER_EXTENSION = component;
			};
			name = Release;
		};
		512B5F855E13BF2F40EFBEE2 /* Debug */ = {
			isa = XCBuildConfiguration;
			buildSettings = {
				CLANG_CXX_LANGUAGE_STANDARD = "c++14";
				CLANG_CXX_LIBRARY = "libc++";
				CLANG_LINK_OBJC_RUNTIME = NO;
				CODE_SIGN_IDENTITY = "";
				COMBINE_HIDPI_IMAGES = YES;
				CONFIGURATION_BUILD_DIR = "$(PROJECT_DIR)/build/$(CONFIGURATION)";
				COPY_PHASE_STRIP = NO;
				DEPLOYMENT_LOCATION = YES;
				DSTROOT = /;
				GCC_DYNAMIC_NO_PIC = NO;
				GCC_OPTIMIZATION_LEVEL = 0;
				GCC_PREPROCESSOR_DEFINITIONS = (
					"_DEBUG=1",
					"DEBUG=1",
					"JUCER_XCODE_MAC_F6D2F4CF=1",
					"JUCE_APP_VERSION=1.0.0",
					"JUCE_APP_VERSION_HEX=0x10000",
					"JucePlugin_Build_VST=0",
					"JucePlugin_Build_VST3=0",
					"JucePlugin_Build_AU=1",
					"JucePlugin_Build_AUv3=0",
					"JucePlugin_Build_RTAS=0",
					"JucePlugin_Build_AAX=0",
					"JucePlugin_Build_Standalone=0",
					"JucePlugin_Build_Unity=0",
				);
				GCC_VERSION = com.apple.compilers.llvm.clang.1_0;
				GENERATE_PKGINFO_FILE = YES;
				HEADER_SEARCH_PATHS = (
					"$(HOME)/JUCE/modules/juce_audio_processors/format_types/VST3_SDK",
					../../JuceLibraryCode,
					"$(HOME)/JUCE/modules",
					"\"/Users/lcheng/RESYNTH/JUCE Synth/Maximilian libs\"",
					"$(HOME)/JUCE/modules/juce_audio_plugin_client",
					"$(inherited)",
				);
				INFOPLIST_FILE = "Info-AU.plist";
				INFOPLIST_PREPROCESS = NO;
				INSTALL_PATH = "$(HOME)/Library/Audio/Plug-Ins/Components/";
				LIBRARY_STYLE = Bundle;
				MACOSX_DEPLOYMENT_TARGET = 10.11;
				OTHER_LDFLAGS = (
					"-bundle",
					"-lAudio\\ Plug-in\\ Synth",
				);
				OTHER_REZFLAGS = "-d ppc_$ppc -d i386_$i386 -d ppc64_$ppc64 -d x86_64_$x86_64 -I /System/Library/Frameworks/CoreServices.framework/Frameworks/CarbonCore.framework/Versions/A/Headers -I \"$(DEVELOPER_DIR)/Extras/CoreAudio/AudioUnits/AUPublic/AUBase\" -I \"$(DEVELOPER_DIR)/Platforms/MacOSX.platform/Developer/SDKs/MacOSX.sdk/System/Library/Frameworks/AudioUnit.framework/Headers\"";
				PRODUCT_BUNDLE_IDENTIFIER = com.yourcompany.AudioPluginSynth;
				PRODUCT_NAME = "Audio Plug-in Synth";
				USE_HEADERMAP = NO;
				WRAPPER_EXTENSION = component;
			};
			name = Debug;
		};
		53FDB47FE90C037F91CBA106 /* Release */ = {
			isa = XCBuildConfiguration;
			buildSettings = {
				CLANG_CXX_LANGUAGE_STANDARD = "c++14";
				CLANG_CXX_LIBRARY = "libc++";
				CLANG_LINK_OBJC_RUNTIME = NO;
				CODE_SIGN_IDENTITY = "";
				COMBINE_HIDPI_IMAGES = YES;
				CONFIGURATION_BUILD_DIR = "$(PROJECT_DIR)/build/$(CONFIGURATION)";
				DEAD_CODE_STRIPPING = YES;
				DEPLOYMENT_LOCATION = YES;
				DSTROOT = /;
				GCC_GENERATE_DEBUGGING_SYMBOLS = NO;
				GCC_OPTIMIZATION_LEVEL = 3;
				GCC_PREPROCESSOR_DEFINITIONS = (
					"_NDEBUG=1",
					"NDEBUG=1",
					"JUCER_XCODE_MAC_F6D2F4CF=1",
					"JUCE_APP_VERSION=1.0.0",
					"JUCE_APP_VERSION_HEX=0x10000",
					"JucePlugin_Build_VST=0",
					"JucePlugin_Build_VST3=1",
					"JucePlugin_Build_AU=0",
					"JucePlugin_Build_AUv3=0",
					"JucePlugin_Build_RTAS=0",
					"JucePlugin_Build_AAX=0",
					"JucePlugin_Build_Standalone=0",
					"JucePlugin_Build_Unity=0",
				);
				GCC_SYMBOLS_PRIVATE_EXTERN = YES;
				GCC_VERSION = com.apple.compilers.llvm.clang.1_0;
				GENERATE_PKGINFO_FILE = YES;
				HEADER_SEARCH_PATHS = (
					"$(HOME)/JUCE/modules/juce_audio_processors/format_types/VST3_SDK",
					../../JuceLibraryCode,
					"$(HOME)/JUCE/modules",
					"$(HOME)/JUCE/modules/juce_audio_plugin_client",
					"$(inherited)",
				);
				INFOPLIST_FILE = "Info-VST3.plist";
				INFOPLIST_PREPROCESS = NO;
				INSTALL_PATH = "$(HOME)/Library/Audio/Plug-Ins/VST3/";
				LIBRARY_STYLE = Bundle;
				LLVM_LTO = YES;
				MACOSX_DEPLOYMENT_TARGET = 10.11;
				OTHER_LDFLAGS = (
					"-bundle",
					"-lAudio\\ Plug-in\\ Synth",
				);
				PRODUCT_BUNDLE_IDENTIFIER = com.yourcompany.AudioPluginSynth;
				PRODUCT_NAME = "Audio Plug-in Synth";
				USE_HEADERMAP = NO;
				WRAPPER_EXTENSION = vst3;
			};
			name = Release;
		};
		6B1C6A3B980B1E023A189666 /* Debug */ = {
			isa = XCBuildConfiguration;
			buildSettings = {
				MACOSX_DEPLOYMENT_TARGET = 10.11;
				SDKROOT = macosx;
			};
			name = Debug;
		};
		861B16C9701A8B0BD56A94F4 /* Release */ = {
			isa = XCBuildConfiguration;
			buildSettings = {
				CLANG_CXX_LANGUAGE_STANDARD = "c++14";
				CLANG_CXX_LIBRARY = "libc++";
				CLANG_LINK_OBJC_RUNTIME = NO;
				CODE_SIGN_IDENTITY = "";
				COMBINE_HIDPI_IMAGES = YES;
				CONFIGURATION_BUILD_DIR = "$(PROJECT_DIR)/build/$(CONFIGURATION)";
				DEAD_CODE_STRIPPING = YES;
				GCC_GENERATE_DEBUGGING_SYMBOLS = NO;
				GCC_OPTIMIZATION_LEVEL = 3;
				GCC_PREPROCESSOR_DEFINITIONS = (
					"_NDEBUG=1",
					"NDEBUG=1",
					"JUCER_XCODE_MAC_F6D2F4CF=1",
					"JUCE_APP_VERSION=1.0.0",
					"JUCE_APP_VERSION_HEX=0x10000",
					"JucePlugin_Build_VST=0",
					"JucePlugin_Build_VST3=1",
					"JucePlugin_Build_AU=1",
					"JucePlugin_Build_AUv3=0",
					"JucePlugin_Build_RTAS=0",
					"JucePlugin_Build_AAX=0",
					"JucePlugin_Build_Standalone=1",
					"JucePlugin_Build_Unity=0",
					"JUCE_SHARED_CODE=1",
				);
				GCC_SYMBOLS_PRIVATE_EXTERN = YES;
				GCC_VERSION = com.apple.compilers.llvm.clang.1_0;
				HEADER_SEARCH_PATHS = (
					"$(HOME)/JUCE/modules/juce_audio_processors/format_types/VST3_SDK",
					../../JuceLibraryCode,
					"$(HOME)/JUCE/modules",
					"$(HOME)/JUCE/modules/juce_audio_plugin_client",
					"$(inherited)",
				);
				INSTALL_PATH = "@executable_path/../Frameworks";
				LLVM_LTO = YES;
				MACOSX_DEPLOYMENT_TARGET = 10.11;
				PRODUCT_BUNDLE_IDENTIFIER = com.yourcompany.AudioPluginSynth;
				PRODUCT_NAME = "Audio Plug-in Synth";
				SKIP_INSTALL = YES;
				USE_HEADERMAP = NO;
			};
			name = Release;
		};
		8A659877EFEA6D9B2F84FFB6 /* Debug */ = {
			isa = XCBuildConfiguration;
			buildSettings = {
				CLANG_CXX_LANGUAGE_STANDARD = "c++14";
				CLANG_CXX_LIBRARY = "libc++";
				CLANG_LINK_OBJC_RUNTIME = NO;
				CODE_SIGN_IDENTITY = "";
				COMBINE_HIDPI_IMAGES = YES;
				CONFIGURATION_BUILD_DIR = "$(PROJECT_DIR)/build/$(CONFIGURATION)";
				COPY_PHASE_STRIP = NO;
				DEPLOYMENT_LOCATION = YES;
				DSTROOT = /;
				GCC_DYNAMIC_NO_PIC = NO;
				GCC_OPTIMIZATION_LEVEL = 0;
				GCC_PREPROCESSOR_DEFINITIONS = (
					"_DEBUG=1",
					"DEBUG=1",
					"JUCER_XCODE_MAC_F6D2F4CF=1",
					"JUCE_APP_VERSION=1.0.0",
					"JUCE_APP_VERSION_HEX=0x10000",
					"JucePlugin_Build_VST=0",
					"JucePlugin_Build_VST3=1",
					"JucePlugin_Build_AU=0",
					"JucePlugin_Build_AUv3=0",
					"JucePlugin_Build_RTAS=0",
					"JucePlugin_Build_AAX=0",
					"JucePlugin_Build_Standalone=0",
					"JucePlugin_Build_Unity=0",
				);
				GCC_VERSION = com.apple.compilers.llvm.clang.1_0;
				GENERATE_PKGINFO_FILE = YES;
				HEADER_SEARCH_PATHS = (
					"$(HOME)/JUCE/modules/juce_audio_processors/format_types/VST3_SDK",
					../../JuceLibraryCode,
					"$(HOME)/JUCE/modules",
					"\"/Users/lcheng/RESYNTH/JUCE Synth/Maximilian libs\"",
					"$(HOME)/JUCE/modules/juce_audio_plugin_client",
					"$(inherited)",
				);
				INFOPLIST_FILE = "Info-VST3.plist";
				INFOPLIST_PREPROCESS = NO;
				INSTALL_PATH = "$(HOME)/Library/Audio/Plug-Ins/VST3/";
				LIBRARY_STYLE = Bundle;
				MACOSX_DEPLOYMENT_TARGET = 10.11;
				OTHER_LDFLAGS = (
					"-bundle",
					"-lAudio\\ Plug-in\\ Synth",
				);
				PRODUCT_BUNDLE_IDENTIFIER = com.yourcompany.AudioPluginSynth;
				PRODUCT_NAME = "Audio Plug-in Synth";
				USE_HEADERMAP = NO;
				WRAPPER_EXTENSION = vst3;
			};
			name = Debug;
		};
		DEAAABE5361B481554B66DEF /* Debug */ = {
			isa = XCBuildConfiguration;
			buildSettings = {
				CLANG_CXX_LANGUAGE_STANDARD = "c++14";
				CLANG_CXX_LIBRARY = "libc++";
				CLANG_LINK_OBJC_RUNTIME = NO;
				CODE_SIGN_IDENTITY = "";
				COMBINE_HIDPI_IMAGES = YES;
				CONFIGURATION_BUILD_DIR = "$(PROJECT_DIR)/build/$(CONFIGURATION)";
				COPY_PHASE_STRIP = NO;
				GCC_DYNAMIC_NO_PIC = NO;
				GCC_OPTIMIZATION_LEVEL = 0;
				GCC_PREPROCESSOR_DEFINITIONS = (
					"_DEBUG=1",
					"DEBUG=1",
					"JUCER_XCODE_MAC_F6D2F4CF=1",
					"JUCE_APP_VERSION=1.0.0",
					"JUCE_APP_VERSION_HEX=0x10000",
					"JucePlugin_Build_VST=0",
					"JucePlugin_Build_VST3=0",
					"JucePlugin_Build_AU=0",
					"JucePlugin_Build_AUv3=0",
					"JucePlugin_Build_RTAS=0",
					"JucePlugin_Build_AAX=0",
					"JucePlugin_Build_Standalone=1",
					"JucePlugin_Build_Unity=0",
				);
				GCC_VERSION = com.apple.compilers.llvm.clang.1_0;
				HEADER_SEARCH_PATHS = (
					"$(HOME)/JUCE/modules/juce_audio_processors/format_types/VST3_SDK",
					../../JuceLibraryCode,
					"$(HOME)/JUCE/modules",
					"\"/Users/lcheng/RESYNTH/JUCE Synth/Maximilian libs\"",
					"$(HOME)/JUCE/modules/juce_audio_plugin_client",
					"$(inherited)",
				);
				INFOPLIST_FILE = "Info-Standalone_Plugin.plist";
				INFOPLIST_PREPROCESS = NO;
				MACOSX_DEPLOYMENT_TARGET = 10.11;
				OTHER_LDFLAGS = "-lAudio\\ Plug-in\\ Synth";
				PRODUCT_BUNDLE_IDENTIFIER = com.yourcompany.AudioPluginSynth;
				PRODUCT_NAME = "Audio Plug-in Synth";
				USE_HEADERMAP = NO;
			};
			name = Debug;
		};
		E83C221ED807BA5ACD0BFF30 /* Debug */ = {
			isa = XCBuildConfiguration;
			buildSettings = {
				CLANG_CXX_LANGUAGE_STANDARD = "c++14";
				CLANG_CXX_LIBRARY = "libc++";
				CLANG_LINK_OBJC_RUNTIME = NO;
				CODE_SIGN_IDENTITY = "";
				COMBINE_HIDPI_IMAGES = YES;
				CONFIGURATION_BUILD_DIR = "$(PROJECT_DIR)/build/$(CONFIGURATION)";
				COPY_PHASE_STRIP = NO;
				GCC_DYNAMIC_NO_PIC = NO;
				GCC_OPTIMIZATION_LEVEL = 0;
				GCC_PREPROCESSOR_DEFINITIONS = (
					"_DEBUG=1",
					"DEBUG=1",
					"JUCER_XCODE_MAC_F6D2F4CF=1",
					"JUCE_APP_VERSION=1.0.0",
					"JUCE_APP_VERSION_HEX=0x10000",
					"JucePlugin_Build_VST=0",
					"JucePlugin_Build_VST3=1",
					"JucePlugin_Build_AU=1",
					"JucePlugin_Build_AUv3=0",
					"JucePlugin_Build_RTAS=0",
					"JucePlugin_Build_AAX=0",
					"JucePlugin_Build_Standalone=1",
					"JucePlugin_Build_Unity=0",
					"JUCE_SHARED_CODE=1",
				);
				GCC_VERSION = com.apple.compilers.llvm.clang.1_0;
				HEADER_SEARCH_PATHS = (
					"$(HOME)/JUCE/modules/juce_audio_processors/format_types/VST3_SDK",
					../../JuceLibraryCode,
					"$(HOME)/JUCE/modules",
					"\"/Users/lcheng/RESYNTH/JUCE Synth/Maximilian libs\"",
					"$(HOME)/JUCE/modules/juce_audio_plugin_client",
					"$(inherited)",
				);
				INSTALL_PATH = "@executable_path/../Frameworks";
				MACOSX_DEPLOYMENT_TARGET = 10.11;
				PRODUCT_BUNDLE_IDENTIFIER = com.yourcompany.AudioPluginSynth;
				PRODUCT_NAME = "Audio Plug-in Synth";
				SKIP_INSTALL = YES;
				USE_HEADERMAP = NO;
			};
			name = Debug;
		};
		F524CE112BFF35519CA9BDAD /* Release */ = {
			isa = XCBuildConfiguration;
			buildSettings = {
				MACOSX_DEPLOYMENT_TARGET = 10.11;
				SDKROOT = macosx;
			};
			name = Release;
		};
		FB276929C52D65817B6007CD /* Release */ = {
			isa = XCBuildConfiguration;
			buildSettings = {
				CLANG_CXX_LANGUAGE_STANDARD = "c++14";
				CLANG_CXX_LIBRARY = "libc++";
				CLANG_LINK_OBJC_RUNTIME = NO;
				CODE_SIGN_IDENTITY = "";
				COMBINE_HIDPI_IMAGES = YES;
				CONFIGURATION_BUILD_DIR = "$(PROJECT_DIR)/build/$(CONFIGURATION)";
				DEAD_CODE_STRIPPING = YES;
				GCC_GENERATE_DEBUGGING_SYMBOLS = NO;
				GCC_OPTIMIZATION_LEVEL = 3;
				GCC_PREPROCESSOR_DEFINITIONS = (
					"_NDEBUG=1",
					"NDEBUG=1",
					"JUCER_XCODE_MAC_F6D2F4CF=1",
					"JUCE_APP_VERSION=1.0.0",
					"JUCE_APP_VERSION_HEX=0x10000",
					"JucePlugin_Build_VST=0",
					"JucePlugin_Build_VST3=0",
					"JucePlugin_Build_AU=0",
					"JucePlugin_Build_AUv3=0",
					"JucePlugin_Build_RTAS=0",
					"JucePlugin_Build_AAX=0",
					"JucePlugin_Build_Standalone=1",
					"JucePlugin_Build_Unity=0",
				);
				GCC_SYMBOLS_PRIVATE_EXTERN = YES;
				GCC_VERSION = com.apple.compilers.llvm.clang.1_0;
				HEADER_SEARCH_PATHS = (
					"$(HOME)/JUCE/modules/juce_audio_processors/format_types/VST3_SDK",
					../../JuceLibraryCode,
					"$(HOME)/JUCE/modules",
					"$(HOME)/JUCE/modules/juce_audio_plugin_client",
					"$(inherited)",
				);
				INFOPLIST_FILE = "Info-Standalone_Plugin.plist";
				INFOPLIST_PREPROCESS = NO;
				LLVM_LTO = YES;
				MACOSX_DEPLOYMENT_TARGET = 10.11;
				OTHER_LDFLAGS = "-lAudio\\ Plug-in\\ Synth";
				PRODUCT_BUNDLE_IDENTIFIER = com.yourcompany.AudioPluginSynth;
				PRODUCT_NAME = "Audio Plug-in Synth";
				USE_HEADERMAP = NO;
			};
			name = Release;
		};
/* End XCBuildConfiguration section */

/* Begin XCConfigurationList section */
		17E34D6EBACE4113C42384FE /* Build configuration list for PBXNativeTarget "Audio Plug-in Synth - Shared Code" */ = {
			isa = XCConfigurationList;
			buildConfigurations = (
				E83C221ED807BA5ACD0BFF30 /* Debug */,
				861B16C9701A8B0BD56A94F4 /* Release */,
			);
			defaultConfigurationIsVisible = 0;
			defaultConfigurationName = Debug;
		};
		36506873045E73163C769365 /* Build configuration list for PBXAggregateTarget "Audio Plug-in Synth - All" */ = {
			isa = XCConfigurationList;
			buildConfigurations = (
				6B1C6A3B980B1E023A189666 /* Debug */,
				F524CE112BFF35519CA9BDAD /* Release */,
			);
			defaultConfigurationIsVisible = 0;
			defaultConfigurationName = Debug;
		};
		45DACBF308CF7E09FAF1B30B /* Build configuration list for PBXProject "Audio Plug-in Synth" */ = {
			isa = XCConfigurationList;
			buildConfigurations = (
				131E2CA3C74B3A48028A519C /* Debug */,
				212B5FA7324F8BF1C16B46DD /* Release */,
			);
			defaultConfigurationIsVisible = 0;
			defaultConfigurationName = Debug;
		};
		9284D35B876607731BEA3C13 /* Build configuration list for PBXNativeTarget "Audio Plug-in Synth - Standalone Plugin" */ = {
			isa = XCConfigurationList;
			buildConfigurations = (
				DEAAABE5361B481554B66DEF /* Debug */,
				FB276929C52D65817B6007CD /* Release */,
			);
			defaultConfigurationIsVisible = 0;
			defaultConfigurationName = Debug;
		};
		A412FA34939AC73A2295766B /* Build configuration list for PBXNativeTarget "Audio Plug-in Synth - VST3" */ = {
			isa = XCConfigurationList;
			buildConfigurations = (
				8A659877EFEA6D9B2F84FFB6 /* Debug */,
				53FDB47FE90C037F91CBA106 /* Release */,
			);
			defaultConfigurationIsVisible = 0;
			defaultConfigurationName = Debug;
		};
		CFAEE71FC4E32D4E474AC7F4 /* Build configuration list for PBXNativeTarget "Audio Plug-in Synth - AU" */ = {
			isa = XCConfigurationList;
			buildConfigurations = (
				512B5F855E13BF2F40EFBEE2 /* Debug */,
				35AC19214E1F79EE48C224C4 /* Release */,
			);
			defaultConfigurationIsVisible = 0;
			defaultConfigurationName = Debug;
		};
/* End XCConfigurationList section */
	};
	rootObject = 8806CC8E3D5578D1900E0E5C /* Project object */;
}
